
Microsoft Visual Studio Solution File, Format Version 12.00
# Visual Studio 15
VisualStudioVersion = 15.0.27703.2018
MinimumVisualStudioVersion = 10.0.40219.1
Project("{9A19103F-16F7-4668-BE54-9A1E7A4F7556}") = "Demo", "Demo\Demo.csproj", "{8873095F-3C06-4E12-A9B1-30E94B54E468}"
EndProject
Project("{FAE04EC0-301F-11D3-BF4B-00C04F79EFBC}") = "FizzBuzzOneToThreeDiamond", "src\core\FizzBuzzOneToThreeDiamond\FizzBuzzOneToThreeDiamond.csproj", "{02D50638-BAED-40FD-945E-4183E39A2C69}"
EndProject
Project("{2150E333-8FDC-42A3-9474-1A3956D46DE8}") = "src", "src", "{3BD29FE8-2914-4416-8FE0-3419FCEA1015}"
EndProject
Project("{2150E333-8FDC-42A3-9474-1A3956D46DE8}") = "netcore", "netcore", "{A452EF85-91F1-4598-BDB3-1DBB8E0E15E9}"
EndProject
Project("{2150E333-8FDC-42A3-9474-1A3956D46DE8}") = "net4", "net4", "{D2392D36-10D5-4D0D-9B74-5170CA9264BA}"
EndProject
Project("{FAE04EC0-301F-11D3-BF4B-00C04F79EFBC}") = "FizzBuzzOneToThreeDiamond", "src\net4\FizzBuzzOneToThreeDiamond\FizzBuzzOneToThreeDiamond.csproj", "{FBCCAE84-0B96-4C63-B694-086AB92982D4}"
EndProject
Global
	GlobalSection(SolutionConfigurationPlatforms) = preSolution
		Debug|Any CPU = Debug|Any CPU
		Release|Any CPU = Release|Any CPU
	EndGlobalSection
	GlobalSection(ProjectConfigurationPlatforms) = postSolution
		{8873095F-3C06-4E12-A9B1-30E94B54E468}.Debug|Any CPU.ActiveCfg = Debug|Any CPU
		{8873095F-3C06-4E12-A9B1-30E94B54E468}.Debug|Any CPU.Build.0 = Debug|Any CPU
		{8873095F-3C06-4E12-A9B1-30E94B54E468}.Release|Any CPU.ActiveCfg = Release|Any CPU
		{8873095F-3C06-4E12-A9B1-30E94B54E468}.Release|Any CPU.Build.0 = Release|Any CPU
		{02D50638-BAED-40FD-945E-4183E39A2C69}.Debug|Any CPU.ActiveCfg = Debug|Any CPU
		{02D50638-BAED-40FD-945E-4183E39A2C69}.Debug|Any CPU.Build.0 = Debug|Any CPU
		{02D50638-BAED-40FD-945E-4183E39A2C69}.Release|Any CPU.ActiveCfg = Release|Any CPU
		{02D50638-BAED-40FD-945E-4183E39A2C69}.Release|Any CPU.Build.0 = Release|Any CPU
		{FBCCAE84-0B96-4C63-B694-086AB92982D4}.Debug|Any CPU.ActiveCfg = Debug|Any CPU
		{FBCCAE84-0B96-4C63-B694-086AB92982D4}.Debug|Any CPU.Build.0 = Debug|Any CPU
		{FBCCAE84-0B96-4C63-B694-086AB92982D4}.Release|Any CPU.ActiveCfg = Release|Any CPU
		{FBCCAE84-0B96-4C63-B694-086AB92982D4}.Release|Any CPU.Build.0 = Release|Any CPU
	EndGlobalSection
	GlobalSection(SolutionProperties) = preSolution
		HideSolutionNode = FALSE
	EndGlobalSection
	GlobalSection(NestedProjects) = preSolution
		{02D50638-BAED-40FD-945E-4183E39A2C69} = {A452EF85-91F1-4598-BDB3-1DBB8E0E15E9}
		{A452EF85-91F1-4598-BDB3-1DBB8E0E15E9} = {3BD29FE8-2914-4416-8FE0-3419FCEA1015}
		{D2392D36-10D5-4D0D-9B74-5170CA9264BA} = {3BD29FE8-2914-4416-8FE0-3419FCEA1015}
		{FBCCAE84-0B96-4C63-B694-086AB92982D4} = {D2392D36-10D5-4D0D-9B74-5170CA9264BA}
	EndGlobalSection
	GlobalSection(ExtensibilityGlobals) = postSolution
		SolutionGuid = {578478C4-4F12-48D6-BF33-DA557171B18F}
	EndGlobalSection
EndGlobal
